
Microsoft Visual Studio Solution File, Format Version 12.00
# Visual Studio Version 17
VisualStudioVersion = 17.5.33424.131
MinimumVisualStudioVersion = 10.0.40219.1
Project("{FAE04EC0-301F-11D3-BF4B-00C04F79EFBC}") = "LINQ", "LINQ\LINQ.csproj", "{58FB73AF-2ED5-400E-A220-6A2719AA8B61}"
EndProject
Global
	GlobalSection(SolutionConfigurationPlatforms) = preSolution
		Debug|Any CPU = Debug|Any CPU
		Release|Any CPU = Release|Any CPU
	EndGlobalSection
	GlobalSection(ProjectConfigurationPlatforms) = postSolution
		{58FB73AF-2ED5-400E-A220-6A2719AA8B61}.Debug|Any CPU.ActiveCfg = Debug|Any CPU
		{58FB73AF-2ED5-400E-A220-6A2719AA8B61}.Debug|Any CPU.Build.0 = Debug|Any CPU
		{58FB73AF-2ED5-400E-A220-6A2719AA8B61}.Release|Any CPU.ActiveCfg = Release|Any CPU
		{58FB73AF-2ED5-400E-A220-6A2719AA8B61}.Release|Any CPU.Build.0 = Release|Any CPU
	EndGlobalSection
	GlobalSection(SolutionProperties) = preSolution
		HideSolutionNode = FALSE
	EndGlobalSection
	GlobalSection(ExtensibilityGlobals) = postSolution
		SolutionGuid = {A202B3BB-9B68-438E-B1A5-928059CC1812}
	EndGlobalSection
EndGlobal
